
Microsoft Visual Studio Solution File, Format Version 12.00
Project("{FAE04EC0-301F-11D3-BF4B-00C04F79EFBC}") = "Aethos.Core.Math", "Aethos.Core.Math\Aethos.Core.Math.csproj", "{A6147415-2F7B-40ED-8764-D6D41A38EC78}"
EndProject
Project("{FAE04EC0-301F-11D3-BF4B-00C04F79EFBC}") = "Aethos.Domain", "Aethos.Domain\Aethos.Domain.csproj", "{695FC0ED-5C22-43C3-8274-99CE69F81E95}"
EndProject
Project("{FAE04EC0-301F-11D3-BF4B-00C04F79EFBC}") = "Aethos.Application", "Aethos.Application\Aethos.Application.csproj", "{E7E81062-8A9B-485E-ADEA-0258853809D2}"
EndProject
Project("{FAE04EC0-301F-11D3-BF4B-00C04F79EFBC}") = "Aethos.Infrastructure.AI", "Aethos.Infrastructure.AI\Aethos.Infrastructure.AI.csproj", "{B9179E48-9F9D-427F-BC63-17484F9B13C0}"
EndProject
Project("{FAE04EC0-301F-11D3-BF4B-00C04F79EFBC}") = "Aethos.Infrastructure.Persistence", "Aethos.Infrastructure.Persistence\Aethos.Infrastructure.Persistence.csproj", "{BD8F62F1-E459-47D0-B54D-7A3EAD9B86C7}"
EndProject
Project("{FAE04EC0-301F-11D3-BF4B-00C04F79EFBC}") = "Aethos.Infrastructure.Blockchain", "Aethos.Infrastructure.Blockchain\Aethos.Infrastructure.Blockchain.csproj", "{85467BFF-D73B-444D-BACF-7B88CF1C59F0}"
EndProject
Project("{FAE04EC0-301F-11D3-BF4B-00C04F79EFBC}") = "Aethos.Infrastructure.Network", "Aethos.Infrastructure.Network\Aethos.Infrastructure.Network.csproj", "{E046CBDE-1012-4E6F-B1EA-CC0726F91264}"
EndProject
Project("{FAE04EC0-301F-11D3-BF4B-00C04F79EFBC}") = "Aethos.Presentation.RPC", "Aethos.Presentation.RPC\Aethos.Presentation.RPC.csproj", "{8FEB28EA-B7BF-47B9-B6F8-A7D61691C986}"
EndProject
Project("{FAE04EC0-301F-11D3-BF4B-00C04F79EFBC}") = "Aethos.Node", "Aethos.Node\Aethos.Node.csproj", "{EB49A320-EAC4-460D-AF20-17FA8292D964}"
EndProject
Project("{FAE04EC0-301F-11D3-BF4B-00C04F79EFBC}") = "Aethos.Contracts.L1", "Aethos.Contracts.L1\Aethos.Contracts.L1.csproj", "{62D13CEC-E355-4D79-90F7-399AAA6E4B37}"
EndProject
Project("{FAE04EC0-301F-11D3-BF4B-00C04F79EFBC}") = "Aethos.Tools.Compiler", "Aethos.Tools.Compiler\Aethos.Tools.Compiler.csproj", "{A60A8B78-BF93-46B0-BAE0-1C70A2E5CDAB}"
EndProject
Project("{FAE04EC0-301F-11D3-BF4B-00C04F79EFBC}") = "Aethos.SDK.Client", "Aethos.SDK.Client\Aethos.SDK.Client.csproj", "{F02BC93F-C71B-4C76-803D-17FAEDC6461D}"
EndProject
Project("{FAE04EC0-301F-11D3-BF4B-00C04F79EFBC}") = "Aethos.Tests", "Aethos.Tests\Aethos.Tests.csproj", "{470A11B9-1106-4872-8753-6BE6756A8190}"
EndProject
Global
	GlobalSection(SolutionConfigurationPlatforms) = preSolution
		Debug|Any CPU = Debug|Any CPU
		Release|Any CPU = Release|Any CPU
	EndGlobalSection
	GlobalSection(ProjectConfigurationPlatforms) = postSolution
		{A6147415-2F7B-40ED-8764-D6D41A38EC78}.Debug|Any CPU.ActiveCfg = Debug|Any CPU
		{A6147415-2F7B-40ED-8764-D6D41A38EC78}.Debug|Any CPU.Build.0 = Debug|Any CPU
		{A6147415-2F7B-40ED-8764-D6D41A38EC78}.Release|Any CPU.ActiveCfg = Release|Any CPU
		{A6147415-2F7B-40ED-8764-D6D41A38EC78}.Release|Any CPU.Build.0 = Release|Any CPU
		{695FC0ED-5C22-43C3-8274-99CE69F81E95}.Debug|Any CPU.ActiveCfg = Debug|Any CPU
		{695FC0ED-5C22-43C3-8274-99CE69F81E95}.Debug|Any CPU.Build.0 = Debug|Any CPU
		{695FC0ED-5C22-43C3-8274-99CE69F81E95}.Release|Any CPU.ActiveCfg = Release|Any CPU
		{695FC0ED-5C22-43C3-8274-99CE69F81E95}.Release|Any CPU.Build.0 = Release|Any CPU
		{E7E81062-8A9B-485E-ADEA-0258853809D2}.Debug|Any CPU.ActiveCfg = Debug|Any CPU
		{E7E81062-8A9B-485E-ADEA-0258853809D2}.Debug|Any CPU.Build.0 = Debug|Any CPU
		{E7E81062-8A9B-485E-ADEA-0258853809D2}.Release|Any CPU.ActiveCfg = Release|Any CPU
		{E7E81062-8A9B-485E-ADEA-0258853809D2}.Release|Any CPU.Build.0 = Release|Any CPU
		{B9179E48-9F9D-427F-BC63-17484F9B13C0}.Debug|Any CPU.ActiveCfg = Debug|Any CPU
		{B9179E48-9F9D-427F-BC63-17484F9B13C0}.Debug|Any CPU.Build.0 = Debug|Any CPU
		{B9179E48-9F9D-427F-BC63-17484F9B13C0}.Release|Any CPU.ActiveCfg = Release|Any CPU
		{B9179E48-9F9D-427F-BC63-17484F9B13C0}.Release|Any CPU.Build.0 = Release|Any CPU
		{BD8F62F1-E459-47D0-B54D-7A3EAD9B86C7}.Debug|Any CPU.ActiveCfg = Debug|Any CPU
		{BD8F62F1-E459-47D0-B54D-7A3EAD9B86C7}.Debug|Any CPU.Build.0 = Debug|Any CPU
		{BD8F62F1-E459-47D0-B54D-7A3EAD9B86C7}.Release|Any CPU.ActiveCfg = Release|Any CPU
		{BD8F62F1-E459-47D0-B54D-7A3EAD9B86C7}.Release|Any CPU.Build.0 = Release|Any CPU
		{85467BFF-D73B-444D-BACF-7B88CF1C59F0}.Debug|Any CPU.ActiveCfg = Debug|Any CPU
		{85467BFF-D73B-444D-BACF-7B88CF1C59F0}.Debug|Any CPU.Build.0 = Debug|Any CPU
		{85467BFF-D73B-444D-BACF-7B88CF1C59F0}.Release|Any CPU.ActiveCfg = Release|Any CPU
		{85467BFF-D73B-444D-BACF-7B88CF1C59F0}.Release|Any CPU.Build.0 = Release|Any CPU
		{E046CBDE-1012-4E6F-B1EA-CC0726F91264}.Debug|Any CPU.ActiveCfg = Debug|Any CPU
		{E046CBDE-1012-4E6F-B1EA-CC0726F91264}.Debug|Any CPU.Build.0 = Debug|Any CPU
		{E046CBDE-1012-4E6F-B1EA-CC0726F91264}.Release|Any CPU.ActiveCfg = Release|Any CPU
		{E046CBDE-1012-4E6F-B1EA-CC0726F91264}.Release|Any CPU.Build.0 = Release|Any CPU
		{8FEB28EA-B7BF-47B9-B6F8-A7D61691C986}.Debug|Any CPU.ActiveCfg = Debug|Any CPU
		{8FEB28EA-B7BF-47B9-B6F8-A7D61691C986}.Debug|Any CPU.Build.0 = Debug|Any CPU
		{8FEB28EA-B7BF-47B9-B6F8-A7D61691C986}.Release|Any CPU.ActiveCfg = Release|Any CPU
		{8FEB28EA-B7BF-47B9-B6F8-A7D61691C986}.Release|Any CPU.Build.0 = Release|Any CPU
		{EB49A320-EAC4-460D-AF20-17FA8292D964}.Debug|Any CPU.ActiveCfg = Debug|Any CPU
		{EB49A320-EAC4-460D-AF20-17FA8292D964}.Debug|Any CPU.Build.0 = Debug|Any CPU
		{EB49A320-EAC4-460D-AF20-17FA8292D964}.Release|Any CPU.ActiveCfg = Release|Any CPU
		{EB49A320-EAC4-460D-AF20-17FA8292D964}.Release|Any CPU.Build.0 = Release|Any CPU
		{62D13CEC-E355-4D79-90F7-399AAA6E4B37}.Debug|Any CPU.ActiveCfg = Debug|Any CPU
		{62D13CEC-E355-4D79-90F7-399AAA6E4B37}.Debug|Any CPU.Build.0 = Debug|Any CPU
		{62D13CEC-E355-4D79-90F7-399AAA6E4B37}.Release|Any CPU.ActiveCfg = Release|Any CPU
		{62D13CEC-E355-4D79-90F7-399AAA6E4B37}.Release|Any CPU.Build.0 = Release|Any CPU
		{A60A8B78-BF93-46B0-BAE0-1C70A2E5CDAB}.Debug|Any CPU.ActiveCfg = Debug|Any CPU
		{A60A8B78-BF93-46B0-BAE0-1C70A2E5CDAB}.Debug|Any CPU.Build.0 = Debug|Any CPU
		{A60A8B78-BF93-46B0-BAE0-1C70A2E5CDAB}.Release|Any CPU.ActiveCfg = Release|Any CPU
		{A60A8B78-BF93-46B0-BAE0-1C70A2E5CDAB}.Release|Any CPU.Build.0 = Release|Any CPU
		{F02BC93F-C71B-4C76-803D-17FAEDC6461D}.Debug|Any CPU.ActiveCfg = Debug|Any CPU
		{F02BC93F-C71B-4C76-803D-17FAEDC6461D}.Debug|Any CPU.Build.0 = Debug|Any CPU
		{F02BC93F-C71B-4C76-803D-17FAEDC6461D}.Release|Any CPU.ActiveCfg = Release|Any CPU
		{F02BC93F-C71B-4C76-803D-17FAEDC6461D}.Release|Any CPU.Build.0 = Release|Any CPU
		{470A11B9-1106-4872-8753-6BE6756A8190}.Debug|Any CPU.ActiveCfg = Debug|Any CPU
		{470A11B9-1106-4872-8753-6BE6756A8190}.Debug|Any CPU.Build.0 = Debug|Any CPU
		{470A11B9-1106-4872-8753-6BE6756A8190}.Release|Any CPU.ActiveCfg = Release|Any CPU
		{470A11B9-1106-4872-8753-6BE6756A8190}.Release|Any CPU.Build.0 = Release|Any CPU
	EndGlobalSection
EndGlobal
